// !$*UTF8*$!
{
	archiveVersion = 1;
	classes = {
	};
	objectVersion = 46;
	objects = {

/* Begin PBXBuildFile section */
		37F046471EC176BC008E3F81 /* AppDelegate.swift in Sources */ = {isa = PBXBuildFile; fileRef = 37F046461EC176BC008E3F81 /* AppDelegate.swift */; };
		37F046491EC176BC008E3F81 /* ViewController.swift in Sources */ = {isa = PBXBuildFile; fileRef = 37F046481EC176BC008E3F81 /* ViewController.swift */; };
		37F0464C1EC176BC008E3F81 /* Main.storyboard in Resources */ = {isa = PBXBuildFile; fileRef = 37F0464A1EC176BC008E3F81 /* Main.storyboard */; };
		37F0464E1EC176BC008E3F81 /* Assets.xcassets in Resources */ = {isa = PBXBuildFile; fileRef = 37F0464D1EC176BC008E3F81 /* Assets.xcassets */; };
		37F046511EC176BC008E3F81 /* LaunchScreen.storyboard in Resources */ = {isa = PBXBuildFile; fileRef = 37F0464F1EC176BC008E3F81 /* LaunchScreen.storyboard */; };
		37F0465C1EC176BC008E3F81 /* lunchTests.swift in Sources */ = {isa = PBXBuildFile; fileRef = 37F0465B1EC176BC008E3F81 /* lunchTests.swift */; };
		37F046671EC176BC008E3F81 /* lunchUITests.swift in Sources */ = {isa = PBXBuildFile; fileRef = 37F046661EC176BC008E3F81 /* lunchUITests.swift */; };
/* End PBXBuildFile section */

/* Begin PBXContainerItemProxy section */
		37F046581EC176BC008E3F81 /* PBXContainerItemProxy */ = {
			isa = PBXContainerItemProxy;
			containerPortal = 37F0463B1EC176BC008E3F81 /* Project object */;
			proxyType = 1;
			remoteGlobalIDString = 37F046421EC176BC008E3F81;
			remoteInfo = lunch;
		};
		37F046631EC176BC008E3F81 /* PBXContainerItemProxy */ = {
			isa = PBXContainerItemProxy;
			containerPortal = 37F0463B1EC176BC008E3F81 /* Project object */;
			proxyType = 1;
			remoteGlobalIDString = 37F046421EC176BC008E3F81;
			remoteInfo = lunch;
		};
/* End PBXContainerItemProxy section */

/* Begin PBXFileReference section */
		37F046431EC176BC008E3F81 /* lunch.app */ = {isa = PBXFileReference; explicitFileType = wrapper.application; includeInIndex = 0; path = lunch.app; sourceTree = BUILT_PRODUCTS_DIR; };
		37F046461EC176BC008E3F81 /* AppDelegate.swift */ = {isa = PBXFileReference; lastKnownFileType = sourcecode.swift; path = AppDelegate.swift; sourceTree = "<group>"; };
		37F046481EC176BC008E3F81 /* ViewController.swift */ = {isa = PBXFileReference; lastKnownFileType = sourcecode.swift; path = ViewController.swift; sourceTree = "<group>"; };
		37F0464B1EC176BC008E3F81 /* Base */ = {isa = PBXFileReference; lastKnownFileType = file.storyboard; name = Base; path = Base.lproj/Main.storyboard; sourceTree = "<group>"; };
		37F0464D1EC176BC008E3F81 /* Assets.xcassets */ = {isa = PBXFileReference; lastKnownFileType = folder.assetcatalog; path = Assets.xcassets; sourceTree = "<group>"; };
		37F046501EC176BC008E3F81 /* Base */ = {isa = PBXFileReference; lastKnownFileType = file.storyboard; name = Base; path = Base.lproj/LaunchScreen.storyboard; sourceTree = "<group>"; };
		37F046521EC176BC008E3F81 /* Info.plist */ = {isa = PBXFileReference; lastKnownFileType = text.plist.xml; path = Info.plist; sourceTree = "<group>"; };
		37F046571EC176BC008E3F81 /* lunchTests.xctest */ = {isa = PBXFileReference; explicitFileType = wrapper.cfbundle; includeInIndex = 0; path = lunchTests.xctest; sourceTree = BUILT_PRODUCTS_DIR; };
		37F0465B1EC176BC008E3F81 /* lunchTests.swift */ = {isa = PBXFileReference; lastKnownFileType = sourcecode.swift; path = lunchTests.swift; sourceTree = "<group>"; };
		37F0465D1EC176BC008E3F81 /* Info.plist */ = {isa = PBXFileReference; lastKnownFileType = text.plist.xml; path = Info.plist; sourceTree = "<group>"; };
		37F046621EC176BC008E3F81 /* lunchUITests.xctest */ = {isa = PBXFileReference; explicitFileType = wrapper.cfbundle; includeInIndex = 0; path = lunchUITests.xctest; sourceTree = BUILT_PRODUCTS_DIR; };
		37F046661EC176BC008E3F81 /* lunchUITests.swift */ = {isa = PBXFileReference; lastKnownFileType = sourcecode.swift; path = lunchUITests.swift; sourceTree = "<group>"; };
		37F046681EC176BC008E3F81 /* Info.plist */ = {isa = PBXFileReference; lastKnownFileType = text.plist.xml; path = Info.plist; sourceTree = "<group>"; };
/* End PBXFileReference section */

/* Begin PBXFrameworksBuildPhase section */
		37F046401EC176BC008E3F81 /* Frameworks */ = {
			isa = PBXFrameworksBuildPhase;
			buildActionMask = 2147483647;
			files = (
			);
			runOnlyForDeploymentPostprocessing = 0;
		};
		37F046541EC176BC008E3F81 /* Frameworks */ = {
			isa = PBXFrameworksBuildPhase;
			buildActionMask = 2147483647;
			files = (
			);
			runOnlyForDeploymentPostprocessing = 0;
		};
		37F0465F1EC176BC008E3F81 /* Frameworks */ = {
			isa = PBXFrameworksBuildPhase;
			buildActionMask = 2147483647;
			files = (
			);
			runOnlyForDeploymentPostprocessing = 0;
		};
/* End PBXFrameworksBuildPhase section */

/* Begin PBXGroup section */
		37F0463A1EC176BC008E3F81 = {
			isa = PBXGroup;
			children = (
				37F046451EC176BC008E3F81 /* lunch */,
				37F0465A1EC176BC008E3F81 /* lunchTests */,
				37F046651EC176BC008E3F81 /* lunchUITests */,
				37F046441EC176BC008E3F81 /* Products */,
			);
			sourceTree = "<group>";
		};
		37F046441EC176BC008E3F81 /* Products */ = {
			isa = PBXGroup;
			children = (
				37F046431EC176BC008E3F81 /* lunch.app */,
				37F046571EC176BC008E3F81 /* lunchTests.xctest */,
				37F046621EC176BC008E3F81 /* lunchUITests.xctest */,
			);
			name = Products;
			sourceTree = "<group>";
		};
		37F046451EC176BC008E3F81 /* lunch */ = {
			isa = PBXGroup;
			children = (
				37F046461EC176BC008E3F81 /* AppDelegate.swift */,
				37F046481EC176BC008E3F81 /* ViewController.swift */,
				37F0464A1EC176BC008E3F81 /* Main.storyboard */,
				37F0464D1EC176BC008E3F81 /* Assets.xcassets */,
				37F0464F1EC176BC008E3F81 /* LaunchScreen.storyboard */,
				37F046521EC176BC008E3F81 /* Info.plist */,
			);
			path = lunch;
			sourceTree = "<group>";
		};
		37F0465A1EC176BC008E3F81 /* lunchTests */ = {
			isa = PBXGroup;
			children = (
				37F0465B1EC176BC008E3F81 /* lunchTests.swift */,
				37F0465D1EC176BC008E3F81 /* Info.plist */,
			);
			path = lunchTests;
			sourceTree = "<group>";
		};
		37F046651EC176BC008E3F81 /* lunchUITests */ = {
			isa = PBXGroup;
			children = (
				37F046661EC176BC008E3F81 /* lunchUITests.swift */,
				37F046681EC176BC008E3F81 /* Info.plist */,
			);
			path = lunchUITests;
			sourceTree = "<group>";
		};
/* End PBXGroup section */

/* Begin PBXNativeTarget section */
		37F046421EC176BC008E3F81 /* lunch */ = {
			isa = PBXNativeTarget;
			buildConfigurationList = 37F0466B1EC176BC008E3F81 /* Build configuration list for PBXNativeTarget "lunch" */;
			buildPhases = (
				37F0463F1EC176BC008E3F81 /* Sources */,
				37F046401EC176BC008E3F81 /* Frameworks */,
				37F046411EC176BC008E3F81 /* Resources */,
			);
			buildRules = (
			);
			dependencies = (
			);
			name = lunch;
			productName = lunch;
			productReference = 37F046431EC176BC008E3F81 /* lunch.app */;
			productType = "com.apple.product-type.application";
		};
		37F046561EC176BC008E3F81 /* lunchTests */ = {
			isa = PBXNativeTarget;
			buildConfigurationList = 37F0466E1EC176BC008E3F81 /* Build configuration list for PBXNativeTarget "lunchTests" */;
			buildPhases = (
				37F046531EC176BC008E3F81 /* Sources */,
				37F046541EC176BC008E3F81 /* Frameworks */,
				37F046551EC176BC008E3F81 /* Resources */,
			);
			buildRules = (
			);
			dependencies = (
				37F046591EC176BC008E3F81 /* PBXTargetDependency */,
			);
			name = lunchTests;
			productName = lunchTests;
			productReference = 37F046571EC176BC008E3F81 /* lunchTests.xctest */;
			productType = "com.apple.product-type.bundle.unit-test";
		};
		37F046611EC176BC008E3F81 /* lunchUITests */ = {
			isa = PBXNativeTarget;
			buildConfigurationList = 37F046711EC176BC008E3F81 /* Build configuration list for PBXNativeTarget "lunchUITests" */;
			buildPhases = (
				37F0465E1EC176BC008E3F81 /* Sources */,
				37F0465F1EC176BC008E3F81 /* Frameworks */,
				37F046601EC176BC008E3F81 /* Resources */,
			);
			buildRules = (
			);
			dependencies = (
				37F046641EC176BC008E3F81 /* PBXTargetDependency */,
			);
			name = lunchUITests;
			productName = lunchUITests;
			productReference = 37F046621EC176BC008E3F81 /* lunchUITests.xctest */;
			productType = "com.apple.product-type.bundle.ui-testing";
		};
/* End PBXNativeTarget section */

/* Begin PBXProject section */
		37F0463B1EC176BC008E3F81 /* Project object */ = {
			isa = PBXProject;
			attributes = {
				LastSwiftUpdateCheck = 0800;
				LastUpgradeCheck = 0800;
				ORGANIZATIONNAME = swifters;
				TargetAttributes = {
					37F046421EC176BC008E3F81 = {
						CreatedOnToolsVersion = 8.0;
						ProvisioningStyle = Automatic;
					};
					37F046561EC176BC008E3F81 = {
						CreatedOnToolsVersion = 8.0;
						ProvisioningStyle = Automatic;
						TestTargetID = 37F046421EC176BC008E3F81;
					};
					37F046611EC176BC008E3F81 = {
						CreatedOnToolsVersion = 8.0;
						ProvisioningStyle = Automatic;
						TestTargetID = 37F046421EC176BC008E3F81;
					};
				};
			};
			buildConfigurationList = 37F0463E1EC176BC008E3F81 /* Build configuration list for PBXProject "lunch" */;
			compatibilityVersion = "Xcode 3.2";
			developmentRegion = English;
			hasScannedForEncodings = 0;
			knownRegions = (
				en,
				Base,
			);
			mainGroup = 37F0463A1EC176BC008E3F81;
			productRefGroup = 37F046441EC176BC008E3F81 /* Products */;
			projectDirPath = "";
			projectRoot = "";
			targets = (
				37F046421EC176BC008E3F81 /* lunch */,
				37F046561EC176BC008E3F81 /* lunchTests */,
				37F046611EC176BC008E3F81 /* lunchUITests */,
			);
		};
/* End PBXProject section */

/* Begin PBXResourcesBuildPhase section */
		37F046411EC176BC008E3F81 /* Resources */ = {
			isa = PBXResourcesBuildPhase;
			buildActionMask = 2147483647;
			files = (
				37F046511EC176BC008E3F81 /* LaunchScreen.storyboard in Resources */,
				37F0464E1EC176BC008E3F81 /* Assets.xcassets in Resources */,
				37F0464C1EC176BC008E3F81 /* Main.storyboard in Resources */,
			);
			runOnlyForDeploymentPostprocessing = 0;
		};
		37F046551EC176BC008E3F81 /* Resources */ = {
			isa = PBXResourcesBuildPhase;
			buildActionMask = 2147483647;
			files = (
			);
			runOnlyForDeploymentPostprocessing = 0;
		};
		37F046601EC176BC008E3F81 /* Resources */ = {
			isa = PBXResourcesBuildPhase;
			buildActionMask = 2147483647;
			files = (
			);
			runOnlyForDeploymentPostprocessing = 0;
		};
/* End PBXResourcesBuildPhase section */

/* Begin PBXSourcesBuildPhase section */
		37F0463F1EC176BC008E3F81 /* Sources */ = {
			isa = PBXSourcesBuildPhase;
			buildActionMask = 2147483647;
			files = (
				37F046491EC176BC008E3F81 /* ViewController.swift in Sources */,
				37F046471EC176BC008E3F81 /* AppDelegate.swift in Sources */,
			);
			runOnlyForDeploymentPostprocessing = 0;
		};
		37F046531EC176BC008E3F81 /* Sources */ = {
			isa = PBXSourcesBuildPhase;
			buildActionMask = 2147483647;
			files = (
				37F0465C1EC176BC008E3F81 /* lunchTests.swift in Sources */,
			);
			runOnlyForDeploymentPostprocessing = 0;
		};
		37F0465E1EC176BC008E3F81 /* Sources */ = {
			isa = PBXSourcesBuildPhase;
			buildActionMask = 2147483647;
			files = (
				37F046671EC176BC008E3F81 /* lunchUITests.swift in Sources */,
			);
			runOnlyForDeploymentPostprocessing = 0;
		};
/* End PBXSourcesBuildPhase section */

/* Begin PBXTargetDependency section */
		37F046591EC176BC008E3F81 /* PBXTargetDependency */ = {
			isa = PBXTargetDependency;
			target = 37F046421EC176BC008E3F81 /* lunch */;
			targetProxy = 37F046581EC176BC008E3F81 /* PBXContainerItemProxy */;
		};
		37F046641EC176BC008E3F81 /* PBXTargetDependency */ = {
			isa = PBXTargetDependency;
			target = 37F046421EC176BC008E3F81 /* lunch */;
			targetProxy = 37F046631EC176BC008E3F81 /* PBXContainerItemProxy */;
		};
/* End PBXTargetDependency section */

/* Begin PBXVariantGroup section */
		37F0464A1EC176BC008E3F81 /* Main.storyboard */ = {
			isa = PBXVariantGroup;
			children = (
				37F0464B1EC176BC008E3F81 /* Base */,
			);
			name = Main.storyboard;
			sourceTree = "<group>";
		};
		37F0464F1EC176BC008E3F81 /* LaunchScreen.storyboard */ = {
			isa = PBXVariantGroup;
			children = (
				37F046501EC176BC008E3F81 /* Base */,
			);
			name = LaunchScreen.storyboard;
			sourceTree = "<group>";
		};
/* End PBXVariantGroup section */

/* Begin XCBuildConfiguration section */
		37F046691EC176BC008E3F81 /* Debug */ = {
			isa = XCBuildConfiguration;
			buildSettings = {
				ALWAYS_SEARCH_USER_PATHS = NO;
				CLANG_ANALYZER_NONNULL = YES;
				CLANG_CXX_LANGUAGE_STANDARD = "gnu++0x";
				CLANG_CXX_LIBRARY = "libc++";
				CLANG_ENABLE_MODULES = YES;
				CLANG_ENABLE_OBJC_ARC = YES;
				CLANG_WARN_BOOL_CONVERSION = YES;
				CLANG_WARN_CONSTANT_CONVERSION = YES;
				CLANG_WARN_DIRECT_OBJC_ISA_USAGE = YES_ERROR;
				CLANG_WARN_DOCUMENTATION_COMMENTS = YES;
				CLANG_WARN_EMPTY_BODY = YES;
				CLANG_WARN_ENUM_CONVERSION = YES;
				CLANG_WARN_INFINITE_RECURSION = YES;
				CLANG_WARN_INT_CONVERSION = YES;
				CLANG_WARN_OBJC_ROOT_CLASS = YES_ERROR;
				CLANG_WARN_SUSPICIOUS_MOVES = YES;
				CLANG_WARN_UNREACHABLE_CODE = YES;
				CLANG_WARN__DUPLICATE_METHOD_MATCH = YES;
				"CODE_SIGN_IDENTITY[sdk=iphoneos*]" = "iPhone Developer";
				COPY_PHASE_STRIP = NO;
				DEBUG_INFORMATION_FORMAT = dwarf;
				ENABLE_STRICT_OBJC_MSGSEND = YES;
				ENABLE_TESTABILITY = YES;
				GCC_C_LANGUAGE_STANDARD = gnu99;
				GCC_DYNAMIC_NO_PIC = NO;
				GCC_NO_COMMON_BLOCKS = YES;
				GCC_OPTIMIZATION_LEVEL = 0;
				GCC_PREPROCESSOR_DEFINITIONS = (
					"DEBUG=1",
					"$(inherited)",
				);
				GCC_WARN_64_TO_32_BIT_CONVERSION = YES;
				GCC_WARN_ABOUT_RETURN_TYPE = YES_ERROR;
				GCC_WARN_UNDECLARED_SELECTOR = YES;
				GCC_WARN_UNINITIALIZED_AUTOS = YES_AGGRESSIVE;
				GCC_WARN_UNUSED_FUNCTION = YES;
				GCC_WARN_UNUSED_VARIABLE = YES;
				IPHONEOS_DEPLOYMENT_TARGET = 10.0;
				MTL_ENABLE_DEBUG_INFO = YES;
				ONLY_ACTIVE_ARCH = YES;
				SDKROOT = iphoneos;
				SWIFT_ACTIVE_COMPILATION_CONDITIONS = DEBUG;
				SWIFT_OPTIMIZATION_LEVEL = "-Onone";
			};
			name = Debug;
		};
		37F0466A1EC176BC008E3F81 /* Release */ = {
			isa = XCBuildConfiguration;
			buildSettings = {
				ALWAYS_SEARCH_USER_PATHS = NO;
				CLANG_ANALYZER_NONNULL = YES;
				CLANG_CXX_LANGUAGE_STANDARD = "gnu++0x";
				CLANG_CXX_LIBRARY = "libc++";
				CLANG_ENABLE_MODULES = YES;
				CLANG_ENABLE_OBJC_ARC = YES;
				CLANG_WARN_BOOL_CONVERSION = YES;
				CLANG_WARN_CONSTANT_CONVERSION = YES;
				CLANG_WARN_DIRECT_OBJC_ISA_USAGE = YES_ERROR;
				CLANG_WARN_DOCUMENTATION_COMMENTS = YES;
				CLANG_WARN_EMPTY_BODY = YES;
				CLANG_WARN_ENUM_CONVERSION = YES;
				CLANG_WARN_INFINITE_RECURSION = YES;
				CLANG_WARN_INT_CONVERSION = YES;
				CLANG_WARN_OBJC_ROOT_CLASS = YES_ERROR;
				CLANG_WARN_SUSPICIOUS_MOVES = YES;
				CLANG_WARN_UNREACHABLE_CODE = YES;
				CLANG_WARN__DUPLICATE_METHOD_MATCH = YES;
				"CODE_SIGN_IDENTITY[sdk=iphoneos*]" = "iPhone Developer";
				COPY_PHASE_STRIP = NO;
				DEBUG_INFORMATION_FORMAT = "dwarf-with-dsym";
				ENABLE_NS_ASSERTIONS = NO;
				ENABLE_STRICT_OBJC_MSGSEND = YES;
				GCC_C_LANGUAGE_STANDARD = gnu99;
				GCC_NO_COMMON_BLOCKS = YES;
				GCC_WARN_64_TO_32_BIT_CONVERSION = YES;
				GCC_WARN_ABOUT_RETURN_TYPE = YES_ERROR;
				GCC_WARN_UNDECLARED_SELECTOR = YES;
				GCC_WARN_UNINITIALIZED_AUTOS = YES_AGGRESSIVE;
				GCC_WARN_UNUSED_FUNCTION = YES;
				GCC_WARN_UNUSED_VARIABLE = YES;
				IPHONEOS_DEPLOYMENT_TARGET = 10.0;
				MTL_ENABLE_DEBUG_INFO = NO;
				SDKROOT = iphoneos;
				SWIFT_OPTIMIZATION_LEVEL = "-Owholemodule";
				VALIDATE_PRODUCT = YES;
			};
			name = Release;
		};
		37F0466C1EC176BC008E3F81 /* Debug */ = {
			isa = XCBuildConfiguration;
			buildSettings = {
				ASSETCATALOG_COMPILER_APPICON_NAME = AppIcon;
				INFOPLIST_FILE = lunch/Info.plist;
				LD_RUNPATH_SEARCH_PATHS = "$(inherited) @executable_path/Frameworks";
				PRODUCT_BUNDLE_IDENTIFIER = iwasou.lunch;
				PRODUCT_NAME = "$(TARGET_NAME)";
				SWIFT_VERSION = 3.0;
			};
			name = Debug;
		};
		37F0466D1EC176BC008E3F81 /* Release */ = {
			isa = XCBuildConfiguration;
			buildSettings = {
				ASSETCATALOG_COMPILER_APPICON_NAME = AppIcon;
				INFOPLIST_FILE = lunch/Info.plist;
				LD_RUNPATH_SEARCH_PATHS = "$(inherited) @executable_path/Frameworks";
				PRODUCT_BUNDLE_IDENTIFIER = iwasou.lunch;
				PRODUCT_NAME = "$(TARGET_NAME)";
				SWIFT_VERSION = 3.0;
			};
			name = Release;
		};
		37F0466F1EC176BC008E3F81 /* Debug */ = {
			isa = XCBuildConfiguration;
			buildSettings = {
				ALWAYS_EMBED_SWIFT_STANDARD_LIBRARIES = YES;
				BUNDLE_LOADER = "$(TEST_HOST)";
				INFOPLIST_FILE = lunchTests/Info.plist;
				LD_RUNPATH_SEARCH_PATHS = "$(inherited) @executable_path/Frameworks @loader_path/Frameworks";
				PRODUCT_BUNDLE_IDENTIFIER = iwasou.lunchTests;
				PRODUCT_NAME = "$(TARGET_NAME)";
				SWIFT_VERSION = 3.0;
				TEST_HOST = "$(BUILT_PRODUCTS_DIR)/lunch.app/lunch";
			};
			name = Debug;
		};
		37F046701EC176BC008E3F81 /* Release */ = {
			isa = XCBuildConfiguration;
			buildSettings = {
				ALWAYS_EMBED_SWIFT_STANDARD_LIBRARIES = YES;
				BUNDLE_LOADER = "$(TEST_HOST)";
				INFOPLIST_FILE = lunchTests/Info.plist;
				LD_RUNPATH_SEARCH_PATHS = "$(inherited) @executable_path/Frameworks @loader_path/Frameworks";
				PRODUCT_BUNDLE_IDENTIFIER = iwasou.lunchTests;
				PRODUCT_NAME = "$(TARGET_NAME)";
				SWIFT_VERSION = 3.0;
				TEST_HOST = "$(BUILT_PRODUCTS_DIR)/lunch.app/lunch";
			};
			name = Release;
		};
		37F046721EC176BC008E3F81 /* Debug */ = {
			isa = XCBuildConfiguration;
			buildSettings = {
				ALWAYS_EMBED_SWIFT_STANDARD_LIBRARIES = YES;
				INFOPLIST_FILE = lunchUITests/Info.plist;
				LD_RUNPATH_SEARCH_PATHS = "$(inherited) @executable_path/Frameworks @loader_path/Frameworks";
				PRODUCT_BUNDLE_IDENTIFIER = iwasou.lunchUITests;
				PRODUCT_NAME = "$(TARGET_NAME)";
				SWIFT_VERSION = 3.0;
				TEST_TARGET_NAME = lunch;
			};
			name = Debug;
		};
		37F046731EC176BC008E3F81 /* Release */ = {
			isa = XCBuildConfiguration;
			buildSettings = {
				ALWAYS_EMBED_SWIFT_STANDARD_LIBRARIES = YES;
				INFOPLIST_FILE = lunchUITests/Info.plist;
				LD_RUNPATH_SEARCH_PATHS = "$(inherited) @executable_path/Frameworks @loader_path/Frameworks";
				PRODUCT_BUNDLE_IDENTIFIER = iwasou.lunchUITests;
				PRODUCT_NAME = "$(TARGET_NAME)";
				SWIFT_VERSION = 3.0;
				TEST_TARGET_NAME = lunch;
			};
			name = Release;
		};
/* End XCBuildConfiguration section */

/* Begin XCConfigurationList section */
		37F0463E1EC176BC008E3F81 /* Build configuration list for PBXProject "lunch" */ = {
			isa = XCConfigurationList;
			buildConfigurations = (
				37F046691EC176BC008E3F81 /* Debug */,
				37F0466A1EC176BC008E3F81 /* Release */,
			);
			defaultConfigurationIsVisible = 0;
			defaultConfigurationName = Release;
		};
		37F0466B1EC176BC008E3F81 /* Build configuration list for PBXNativeTarget "lunch" */ = {
			isa = XCConfigurationList;
			buildConfigurations = (
				37F0466C1EC176BC008E3F81 /* Debug */,
				37F0466D1EC176BC008E3F81 /* Release */,
			);
			defaultConfigurationIsVisible = 0;
		};
		37F0466E1EC176BC008E3F81 /* Build configuration list for PBXNativeTarget "lunchTests" */ = {
			isa = XCConfigurationList;
			buildConfigurations = (
				37F0466F1EC176BC008E3F81 /* Debug */,
				37F046701EC176BC008E3F81 /* Release */,
			);
			defaultConfigurationIsVisible = 0;
		};
		37F046711EC176BC008E3F81 /* Build configuration list for PBXNativeTarget "lunchUITests" */ = {
			isa = XCConfigurationList;
			buildConfigurations = (
				37F046721EC176BC008E3F81 /* Debug */,
				37F046731EC176BC008E3F81 /* Release */,
			);
			defaultConfigurationIsVisible = 0;
		};
/* End XCConfigurationList section */
	};
	rootObject = 37F0463B1EC176BC008E3F81 /* Project object */;
}
